# This file is automatically @generated by Poetry 1.8.4 and should not be changed by hand.

[[package]]
name = "annotated-types"
version = "0.7.0"
description = "Reusable constraint types to use with typing.Annotated"
optional = false
python-versions = ">=3.8"
files = [
    {file = "annotated_types-0.7.0-py3-none-any.whl", hash = "sha256:1f02e8b43a8fbbc3f3e0d4f0f4bfc8131bcb4eebe8849b8e5c773f3a1c582a53"},
    {file = "annotated_types-0.7.0.tar.gz", hash = "sha256:aff07c09a53a08bc8cfccb9c85b05f1aa9a2a6f23728d790723543408344ce89"},
]

[[package]]
name = "anyio"
version = "4.8.0"
description = "High level compatibility layer for multiple asynchronous event loop implementations"
optional = false
python-versions = ">=3.9"
files = [
    {file = "anyio-4.8.0-py3-none-any.whl", hash = "sha256:b5011f270ab5eb0abf13385f851315585cc37ef330dd88e27ec3d34d651fd47a"},
    {file = "anyio-4.8.0.tar.gz", hash = "sha256:1d9fe889df5212298c0c0723fa20479d1b94883a2df44bd3897aa91083316f7a"},
]

[package.dependencies]
idna = ">=2.8"
sniffio = ">=1.1"
typing_extensions = {version = ">=4.5", markers = "python_version < \"3.13\""}

[package.extras]
doc = ["Sphinx (>=7.4,<8.0)", "packaging", "sphinx-autodoc-typehints (>=1.2.0)", "sphinx_rtd_theme"]
test = ["anyio[trio]", "coverage[toml] (>=7)", "exceptiongroup (>=1.2.0)", "hypothesis (>=4.0)", "psutil (>=5.9)", "pytest (>=7.0)", "trustme", "truststore (>=0.9.1)", "uvloop (>=0.21)"]
trio = ["trio (>=0.26.1)"]

[[package]]
name = "certifi"
version = "2025.1.31"
description = "Python package for providing Mozilla's CA Bundle."
optional = false
python-versions = ">=3.6"
files = [
    {file = "certifi-2025.1.31-py3-none-any.whl", hash = "sha256:ca78db4565a652026a4db2bcdf68f2fb589ea80d0be70e03929ed730746b84fe"},
    {file = "certifi-2025.1.31.tar.gz", hash = "sha256:3d5da6925056f6f18f119200434a4780a94263f10d1c21d032a6f6b2baa20651"},
]

[[package]]
name = "click"
version = "8.1.8"
description = "Composable command line interface toolkit"
optional = false
python-versions = ">=3.7"
files = [
    {file = "click-8.1.8-py3-none-any.whl", hash = "sha256:63c132bbbed01578a06712a2d1f497bb62d9c1c0d329b7903a866228027263b2"},
    {file = "click-8.1.8.tar.gz", hash = "sha256:ed53c9d8990d83c2a27deae68e4ee337473f6330c040a31d4225c9574d16096a"},
]

[package.dependencies]
colorama = {version = "*", markers = "platform_system == \"Windows\""}

[[package]]
name = "colorama"
version = "0.4.6"
description = "Cross-platform colored terminal text."
optional = false
python-versions = "!=3.0.*,!=3.1.*,!=3.2.*,!=3.3.*,!=3.4.*,!=3.5.*,!=3.6.*,>=2.7"
files = [
    {file = "colorama-0.4.6-py2.py3-none-any.whl", hash = "sha256:4f1d9991f5acc0ca119f9d443620b77f9d6b33703e51011c16baf57afb285fc6"},
    {file = "colorama-0.4.6.tar.gz", hash = "sha256:08695f5cb7ed6e0531a20572697297273c47b8cae5a63ffc6d6ed5c201be6e44"},
]

[[package]]
name = "fastapi"
version = "0.115.11"
description = "FastAPI framework, high performance, easy to learn, fast to code, ready for production"
optional = false
python-versions = ">=3.8"
files = [
    {file = "fastapi-0.115.11-py3-none-any.whl", hash = "sha256:32e1541b7b74602e4ef4a0260ecaf3aadf9d4f19590bba3e1bf2ac4666aa2c64"},
    {file = "fastapi-0.115.11.tar.gz", hash = "sha256:cc81f03f688678b92600a65a5e618b93592c65005db37157147204d8924bf94f"},
]

[package.dependencies]
pydantic = ">=1.7.4,<1.8 || >1.8,<1.8.1 || >1.8.1,<2.0.0 || >2.0.0,<2.0.1 || >2.0.1,<2.1.0 || >2.1.0,<3.0.0"
starlette = ">=0.40.0,<0.47.0"
typing-extensions = ">=4.8.0"

[package.extras]
all = ["email-validator (>=2.0.0)", "fastapi-cli[standard] (>=0.0.5)", "httpx (>=0.23.0)", "itsdangerous (>=1.1.0)", "jinja2 (>=3.1.5)", "orjson (>=3.2.1)", "pydantic-extra-types (>=2.0.0)", "pydantic-settings (>=2.0.0)", "python-multipart (>=0.0.18)", "pyyaml (>=5.3.1)", "ujson (>=4.0.1,!=4.0.2,!=4.1.0,!=4.2.0,!=4.3.0,!=5.0.0,!=5.1.0)", "uvicorn[standard] (>=0.12.0)"]
standard = ["email-validator (>=2.0.0)", "fastapi-cli[standard] (>=0.0.5)", "httpx (>=0.23.0)", "jinja2 (>=3.1.5)", "python-multipart (>=0.0.18)", "uvicorn[standard] (>=0.12.0)"]

[[package]]
name = "grpcio"
version = "1.72.0rc1"
description = "HTTP/2-based RPC framework"
optional = false
python-versions = ">=3.9"
files = [
    {file = "grpcio-1.72.0rc1-cp310-cp310-linux_armv7l.whl", hash = "sha256:db7db4b246a7fb21aeb70e7220be480948aa9c535eaa777ea0c840416ed8cac9"},
    {file = "grpcio-1.72.0rc1-cp310-cp310-macosx_12_0_universal2.whl", hash = "sha256:baf028e61662fd320c18fb50070b6e330fa24b2b3a4d113f4d57b41e0f5b5873"},
    {file = "grpcio-1.72.0rc1-cp310-cp310-manylinux_2_17_aarch64.whl", hash = "sha256:bf84cf17dfbf49ebe11b081b7a3c83b23625a80c979741e2e98b0ddb41080397"},
    {file = "grpcio-1.72.0rc1-cp310-cp310-manylinux_2_17_i686.manylinux2014_i686.whl", hash = "sha256:3fd6f8700d34754b32d13af234da2e413f408c8b741c8039f11beb06d53c3f6a"},
    {file = "grpcio-1.72.0rc1-cp310-cp310-manylinux_2_17_x86_64.manylinux2014_x86_64.whl", hash = "sha256:f05d243b8d814dd1c6fca19e4e0c5986fc70e2c3aa29e2c7c67e877e4c03ede6"},
    {file = "grpcio-1.72.0rc1-cp310-cp310-musllinux_1_1_aarch64.whl", hash = "sha256:390a70394e2c315d7c480496db259ec16c00baeebf759c8967247269f0fee981"},
    {file = "grpcio-1.72.0rc1-cp310-cp310-musllinux_1_1_i686.whl", hash = "sha256:b08973c62eda11343e7131d78635d50ae0c138a8f39eb817ca83cca842527d04"},
    {file = "grpcio-1.72.0rc1-cp310-cp310-musllinux_1_1_x86_64.whl", hash = "sha256:ce539397a258af1dee26118c40327004d023617bc99493baaf8e7938491f7361"},
    {file = "grpcio-1.72.0rc1-cp310-cp310-win32.whl", hash = "sha256:4f97f628095bbdf6d4c2c15c1bc18f0514f90781528bc6082bb697ccc71d4f42"},
    {file = "grpcio-1.72.0rc1-cp310-cp310-win_amd64.whl", hash = "sha256:dbcdf7a5463b61fca1586b54f7ea3c9dfd159f535224f457ae307f52d8d4a839"},
    {file = "grpcio-1.72.0rc1-cp311-cp311-linux_armv7l.whl", hash = "sha256:23ebb3947783f10fec3e1d0b29b94db8e72f721900d1dd9c1d6db5876da69066"},
    {file = "grpcio-1.72.0rc1-cp311-cp311-macosx_11_0_universal2.whl", hash = "sha256:fd96b20846907ed4cd95bf1d628f16732f450114bde897eedb323fc3bc1eddb3"},
    {file = "grpcio-1.72.0rc1-cp311-cp311-manylinux_2_17_aarch64.whl", hash = "sha256:6df1ba4a5f5793ae210699e1b1745f77a4ac17f73510fc36ee12c215f02523b4"},
    {file = "grpcio-1.72.0rc1-cp311-cp311-manylinux_2_17_i686.manylinux2014_i686.whl", hash = "sha256:a3398957c611f0af7cee4fdd34268b6664be8689eae0327440efb794e544908b"},
    {file = "grpcio-1.72.0rc1-cp311-cp311-manylinux_2_17_x86_64.manylinux2014_x86_64.whl", hash = "sha256:9ef66029da9cbe94ba3047c1b04653e1d5096ca8d036eb6e24092f0e847d2c4f"},
    {file = "grpcio-1.72.0rc1-cp311-cp311-musllinux_1_1_aarch64.whl", hash = "sha256:6566e3e3458805381f8714492e8f559f082f8955ccd1c98d71f8afc0612dc841"},
    {file = "grpcio-1.72.0rc1-cp311-cp311-musllinux_1_1_i686.whl", hash = "sha256:3c799bfa92450e95d3f1f9cc4b7d8cbefc8bd4356d3f6573d2fb5e698353192a"},
    {file = "grpcio-1.72.0rc1-cp311-cp311-musllinux_1_1_x86_64.whl", hash = "sha256:a251992531f3b16be3c013ec45a9caa69ecfe9b45335652d5681659f6d117233"},
    {file = "grpcio-1.72.0rc1-cp311-cp311-win32.whl", hash = "sha256:c9e5f2c628dedf0886b774eee17e003a043941024e68ee2ebe76be6981a7baab"},
    {file = "grpcio-1.72.0rc1-cp311-cp311-win_amd64.whl", hash = "sha256:8b9c0a84ff584da3f5c0cb04ee3d87c0bc70d41ab5a21d3b943963a94c622892"},
    {file = "grpcio-1.72.0rc1-cp312-cp312-linux_armv7l.whl", hash = "sha256:188ac9d8cb05c250e212ba946a65a8541419bdfd803373d6b7fb8b10fe5ff991"},
    {file = "grpcio-1.72.0rc1-cp312-cp312-macosx_11_0_universal2.whl", hash = "sha256:8bd956711dc21235bc78a70bf04a28b3f747c6576b9bb79362803707fec9f705"},
    {file = "grpcio-1.72.0rc1-cp312-cp312-manylinux_2_17_aarch64.whl", hash = "sha256:b032b9cbb325e28ff847b6aae1df5a090aa49b682dc80c926b24a96de43c01aa"},
    {file = "grpcio-1.72.0rc1-cp312-cp312-manylinux_2_17_i686.manylinux2014_i686.whl", hash = "sha256:1ca12a4388a40eb0411264af291184e2cca38176996b591ac047844abd81d40b"},
    {file = "grpcio-1.72.0rc1-cp312-cp312-manylinux_2_17_x86_64.manylinux2014_x86_64.whl", hash = "sha256:e7cefd52f392f4d6747b401f825901c48176737f7b03b17be0a0a638da194749"},
    {file = "grpcio-1.72.0rc1-cp312-cp312-musllinux_1_1_aarch64.whl", hash = "sha256:1a24408fb051b70efa440b95f7e1acbb1c3067609934aa53a953d8d2cfc4d824"},
    {file = "grpcio-1.72.0rc1-cp312-cp312-musllinux_1_1_i686.whl", hash = "sha256:c7b37608d14792d3dacb9aba55b96a17a074e139c4567b0ac5c1926302add910"},
    {file = "grpcio-1.72.0rc1-cp312-cp312-musllinux_1_1_x86_64.whl", hash = "sha256:81ca42a96299ca617f3bc7b60660f15cabb98de6fce440ecd4d0640a5554345f"},
    {file = "grpcio-1.72.0rc1-cp312-cp312-win32.whl", hash = "sha256:9ff2ef2a553d4edc8c620df3735b15a1e7dc05a60262e8c28445f2676fb09189"},
    {file = "grpcio-1.72.0rc1-cp312-cp312-win_amd64.whl", hash = "sha256:3c9a6613662591c198d9e4e499f3336bc5c1c0e3fe3f0922cf48e74b37b3dcd1"},
    {file = "grpcio-1.72.0rc1-cp313-cp313-linux_armv7l.whl", hash = "sha256:995e3e5c43cab6d0f1922b43b3c01a2624a4497ce91c3124e807497654301c59"},
    {file = "grpcio-1.72.0rc1-cp313-cp313-macosx_11_0_universal2.whl", hash = "sha256:8dfb0ff2ddd708dbecdffa37245b79aef707e789ffb0fc6a8be01608d982afcd"},
    {file = "grpcio-1.72.0rc1-cp313-cp313-manylinux_2_17_aarch64.whl", hash = "sha256:7e08eb53d6123995da63df90ce50e5b834de0a8ebfb1a3ac0890a2e246d2771c"},
    {file = "grpcio-1.72.0rc1-cp313-cp313-manylinux_2_17_i686.manylinux2014_i686.whl", hash = "sha256:71cb52c0956fe7868692b490fda341a52d8187fab94e1136f5bd253c8e3560ac"},
    {file = "grpcio-1.72.0rc1-cp313-cp313-manylinux_2_17_x86_64.manylinux2014_x86_64.whl", hash = "sha256:dcf76ce8d4a6829f112ad88c4e6d528dbef922e01834d4a5cc3718bf599f7e84"},
    {file = "grpcio-1.72.0rc1-cp313-cp313-musllinux_1_1_aarch64.whl", hash = "sha256:8852b6234a52b6b694a5f9a5a687d59127b3e71c8e345eebd6d483abbc412217"},
    {file = "grpcio-1.72.0rc1-cp313-cp313-musllinux_1_1_i686.whl", hash = "sha256:d1a0fee8420d9e453dc8cba1c7c067ca2d3054487cb6616ab8dad41f15e57465"},
    {file = "grpcio-1.72.0rc1-cp313-cp313-musllinux_1_1_x86_64.whl", hash = "sha256:a13149f4fd3904093fa2dba484744dd7205f536650a533ab24dd95cca393c14c"},
    {file = "grpcio-1.72.0rc1-cp313-cp313-win32.whl", hash = "sha256:cebe148511a1965363fc6aafd60a488fe9dc5d74dd92a59a8ecba66ddd53c573"},
    {file = "grpcio-1.72.0rc1-cp313-cp313-win_amd64.whl", hash = "sha256:843352c352970a1df5bbf7da68d2770781f4bff2c85a4a0d20cc6eaaadf26e59"},
    {file = "grpcio-1.72.0rc1-cp39-cp39-linux_armv7l.whl", hash = "sha256:2083c0cdff47ff7d4b093d05d703baeeef8db3b2c1f43c9f9d4288a99e444cdd"},
    {file = "grpcio-1.72.0rc1-cp39-cp39-macosx_11_0_universal2.whl", hash = "sha256:42df7e0f9d66f5c9b246d8e1da74605bce27b10dec20b6fc204edd6e7178da2d"},
    {file = "grpcio-1.72.0rc1-cp39-cp39-manylinux_2_17_aarch64.whl", hash = "sha256:1190c2e4f221b5bd0e6eba3e44d6758ef48eeb2216dcb9734c158e8a5d8ce6a3"},
    {file = "grpcio-1.72.0rc1-cp39-cp39-manylinux_2_17_i686.manylinux2014_i686.whl", hash = "sha256:6d6c8d2ea63e1cdaaa81271e5c867fcd9732050324df372ff9d3163968be68c8"},
    {file = "grpcio-1.72.0rc1-cp39-cp39-manylinux_2_17_x86_64.manylinux2014_x86_64.whl", hash = "sha256:8f6ee161b9d112232e5d6be437bf56383dca2334bd17e8b7a4a3f97f33722bdd"},
    {file = "grpcio-1.72.0rc1-cp39-cp39-musllinux_1_1_aarch64.whl", hash = "sha256:9abbdf945e3b151603d642f2bc7a637b87af2e3480ed047689bad9eb4fa9c712"},
    {file = "grpcio-1.72.0rc1-cp39-cp39-musllinux_1_1_i686.whl", hash = "sha256:2edab5d26319a1fed695ec658efe3846b75e0c7f3a6202b042099c9b11dc10fd"},
    {file = "grpcio-1.72.0rc1-cp39-cp39-musllinux_1_1_x86_64.whl", hash = "sha256:03b46e0041bee18a786ccef978bc29a26e4bd1b73a6ca0b21252387167843ff1"},
    {file = "grpcio-1.72.0rc1-cp39-cp39-win32.whl", hash = "sha256:9b861cbfb63433e02b52f9971644095bec4a5fcd1e4d3f94e18cfad38f649d53"},
    {file = "grpcio-1.72.0rc1-cp39-cp39-win_amd64.whl", hash = "sha256:2416792a567cba9f92bffc1a55ce0f2c8106956a2e32bfe8a22a8094a56b7108"},
    {file = "grpcio-1.72.0rc1.tar.gz", hash = "sha256:221793dccd3332060f426975a041d319d6d57323d857d4afc25257ec4a5a67f3"},
]

[package.extras]
protobuf = ["grpcio-tools (>=1.72.0rc1)"]

[[package]]
name = "grpcio-tools"
version = "1.72.0rc1"
description = "Protobuf code generator for gRPC"
optional = false
python-versions = ">=3.9"
files = [
    {file = "grpcio_tools-1.72.0rc1-cp310-cp310-linux_armv7l.whl", hash = "sha256:e52e94faa43461e74969204b4ec59d1254aa6c7e800e3c25bdf2b5d54b84909c"},
    {file = "grpcio_tools-1.72.0rc1-cp310-cp310-macosx_12_0_universal2.whl", hash = "sha256:586ecf02e78377b3c0422ab056328b135cd67e4a0f7339d3dca0016329524f92"},
    {file = "grpcio_tools-1.72.0rc1-cp310-cp310-manylinux_2_17_aarch64.whl", hash = "sha256:126a01bdf963138d07df41ffe9962ccd2c31f87d00b59cb7474a8caccd273e5b"},
    {file = "grpcio_tools-1.72.0rc1-cp310-cp310-manylinux_2_17_i686.manylinux2014_i686.whl", hash = "sha256:ca628b68e2641fb185723bb82c151350dcb718ac8c710ec444fe51c750172f9d"},
    {file = "grpcio_tools-1.72.0rc1-cp310-cp310-manylinux_2_17_x86_64.manylinux2014_x86_64.whl", hash = "sha256:9f97522654a2f46b6e2a3efd859cc9a87970402dba61c29d721b388149d0df3f"},
    {file = "grpcio_tools-1.72.0rc1-cp310-cp310-musllinux_1_1_aarch64.whl", hash = "sha256:d22850ebe6ef42ff7332f6ff241c0414023218e294ec6df31b2f857afb9ffa4b"},
    {file = "grpcio_tools-1.72.0rc1-cp310-cp310-musllinux_1_1_i686.whl", hash = "sha256:0c2bed940f7bfe7f493a47496fb1eb93cc8c38cdcf0acda268f6127d94e4c8a9"},
    {file = "grpcio_tools-1.72.0rc1-cp310-cp310-musllinux_1_1_x86_64.whl", hash = "sha256:2d933a40c11e26822c1f49bf18b0fe2f69470f39b5e623974829e982e9f892b0"},
    {file = "grpcio_tools-1.72.0rc1-cp310-cp310-win32.whl", hash = "sha256:c0964c6b48e092b2d78ee0b623162c374d7ed608d8e11d2276b12f9216c69eea"},
    {file = "grpcio_tools-1.72.0rc1-cp310-cp310-win_amd64.whl", hash = "sha256:ea2c75c55bd78fa8829bdfc6aa20ce99b9a96c2d7493baa3bacf4021e03e2e48"},
    {file = "grpcio_tools-1.72.0rc1-cp311-cp311-linux_armv7l.whl", hash = "sha256:c1e604edb61e465e2aceb0dd3d380f3157a3dc9194389161fc55e4eefa712336"},
    {file = "grpcio_tools-1.72.0rc1-cp311-cp311-macosx_11_0_universal2.whl", hash = "sha256:858083b368e52d291cd7e178fa16fc477f86af1e7d42fd722d04b3758f3bf91d"},
    {file = "grpcio_tools-1.72.0rc1-cp311-cp311-manylinux_2_17_aarch64.whl", hash = "sha256:b1b456d3a72e5330a75e31cad454e7d966fa7a91de09506c6081d543163ad3be"},
    {file = "grpcio_tools-1.72.0rc1-cp311-cp311-manylinux_2_17_i686.manylinux2014_i686.whl", hash = "sha256:c350ab4bea63422cb9a945823c51fdb90fac81716e0cd1ea104af7a16de8a2ae"},
    {file = "grpcio_tools-1.72.0rc1-cp311-cp311-manylinux_2_17_x86_64.manylinux2014_x86_64.whl", hash = "sha256:65fe8bc37f74c49376d589aaea3c00f6652f870d58c087b63cd8ece890de2300"},
    {file = "grpcio_tools-1.72.0rc1-cp311-cp311-musllinux_1_1_aarch64.whl", hash = "sha256:7848a82c1dce3ac5f140a5d71081a9650c0dac1b9ceaef73e49353ce9df67ca8"},
    {file = "grpcio_tools-1.72.0rc1-cp311-cp311-musllinux_1_1_i686.whl", hash = "sha256:3b24790f9c58ecc4574b2ac91d5cb36a3776b06afafb4eca92780fe3b3476bef"},
    {file = "grpcio_tools-1.72.0rc1-cp311-cp311-musllinux_1_1_x86_64.whl", hash = "sha256:775d0acf3934a1d8dbab6253065c2a1b5279ea06f3448b020d0045947a14b15a"},
    {file = "grpcio_tools-1.72.0rc1-cp311-cp311-win32.whl", hash = "sha256:acdf6b7183deac8d6225e49c94bae03cd9e0afc593c3ba8783174e7820ef886d"},
    {file = "grpcio_tools-1.72.0rc1-cp311-cp311-win_amd64.whl", hash = "sha256:437d41f2b9046ece5dabc37911d0a3f753bd9522c41f8d10cddc87706926e1e2"},
    {file = "grpcio_tools-1.72.0rc1-cp312-cp312-linux_armv7l.whl", hash = "sha256:fa064454883b6f3eead90d47f1857ba5a604166d6cd2f5188af4203d195f8a2e"},
    {file = "grpcio_tools-1.72.0rc1-cp312-cp312-macosx_11_0_universal2.whl", hash = "sha256:1a39f725d1a29758cbd67e8e0b3ab4e39ad6add3b1876cf782056bdcb01c6e0d"},
    {file = "grpcio_tools-1.72.0rc1-cp312-cp312-manylinux_2_17_aarch64.whl", hash = "sha256:0660cea4503408b9cfea96eb52e5b18c9bf2066d7217985a0fcc4f28b0e55495"},
    {file = "grpcio_tools-1.72.0rc1-cp312-cp312-manylinux_2_17_i686.manylinux2014_i686.whl", hash = "sha256:a9d76785c43d7919b44fbf7b1cfd6b485c2c6b6dedc3a2174145da25752154e4"},
    {file = "grpcio_tools-1.72.0rc1-cp312-cp312-manylinux_2_17_x86_64.manylinux2014_x86_64.whl", hash = "sha256:5ba91a442526fc44e0b9228f0e32b06d34019aacf0e367f1a89cfbeb15bbf0c1"},
    {file = "grpcio_tools-1.72.0rc1-cp312-cp312-musllinux_1_1_aarch64.whl", hash = "sha256:c545042d8e9d1a36da72e38c7445fb285427a28319e4a47b67b729d0bdf822e1"},
    {file = "grpcio_tools-1.72.0rc1-cp312-cp312-musllinux_1_1_i686.whl", hash = "sha256:701690d370b5722285f150ccd73069dc1ce5deed7feffa9b58278957d20301da"},
    {file = "grpcio_tools-1.72.0rc1-cp312-cp312-musllinux_1_1_x86_64.whl", hash = "sha256:9ffaf6b6255244a1bff601f1046dd763d4652f8cffb16c09831c91afc7e2a648"},
    {file = "grpcio_tools-1.72.0rc1-cp312-cp312-win32.whl", hash = "sha256:397e251114e4cc3f9ffd948ce7438aa419611f90b64cd6d49cb048ac100fd72c"},
    {file = "grpcio_tools-1.72.0rc1-cp312-cp312-win_amd64.whl", hash = "sha256:e41186388cf8e615c7caf0dd756efffee59d3b590fe06c4d44a3a2149efb9e03"},
    {file = "grpcio_tools-1.72.0rc1-cp313-cp313-linux_armv7l.whl", hash = "sha256:2444addb5762446ef9035d0dd8de207b80f6c2693b479034fbe79b5b647de795"},
    {file = "grpcio_tools-1.72.0rc1-cp313-cp313-macosx_11_0_universal2.whl", hash = "sha256:339df6909033612560eb3a8665443fea7826289818c69af502bffcde4c23a224"},
    {file = "grpcio_tools-1.72.0rc1-cp313-cp313-manylinux_2_17_aarch64.whl", hash = "sha256:b7ce79173fe9e1064b40dd1f1a3ab3ba263085751806285cb4f1e47fcb9a3043"},
    {file = "grpcio_tools-1.72.0rc1-cp313-cp313-manylinux_2_17_i686.manylinux2014_i686.whl", hash = "sha256:b7974b72c4b543ef574657f535f4c593e40f2f5ab43210d1bce8553597ba95e5"},
    {file = "grpcio_tools-1.72.0rc1-cp313-cp313-manylinux_2_17_x86_64.manylinux2014_x86_64.whl", hash = "sha256:4884f08bfaee04c5d2221c0a99283220b01a9196d29a97f76a1a945b1e54656b"},
    {file = "grpcio_tools-1.72.0rc1-cp313-cp313-musllinux_1_1_aarch64.whl", hash = "sha256:14c647acf2a27bff0051c77b3284969753f94a78c7c7b025ac216bcb651a5ea9"},
    {file = "grpcio_tools-1.72.0rc1-cp313-cp313-musllinux_1_1_i686.whl", hash = "sha256:1f1f2da48e460a642d01fa1fd9e32daf17b49ae443c878be5ec5a5fa0ce6acae"},
    {file = "grpcio_tools-1.72.0rc1-cp313-cp313-musllinux_1_1_x86_64.whl", hash = "sha256:bfeebd25f1f1d0d2e14f18c88088e86ee5ca67b7261bf8a35ca9ff6cf65311b0"},
    {file = "grpcio_tools-1.72.0rc1-cp313-cp313-win32.whl", hash = "sha256:57df96d9ebfe0f77bec7ecf43dc6c3b922b40f2a41543c17ee3bee9e1e3946b1"},
    {file = "grpcio_tools-1.72.0rc1-cp313-cp313-win_amd64.whl", hash = "sha256:f9ae32f9037cab9f135bd551936eeb4f92e2a0b9ff6511cc570f5188ab8631dc"},
    {file = "grpcio_tools-1.72.0rc1-cp39-cp39-linux_armv7l.whl", hash = "sha256:73911e370d0a2b389ef3969ac398ec49dd12416aa60c789efe13bf7de5df7671"},
    {file = "grpcio_tools-1.72.0rc1-cp39-cp39-macosx_11_0_universal2.whl", hash = "sha256:1b6fbf6c5132bf4770960575e7198de3883bdacffa15714f23c480980c1e2800"},
    {file = "grpcio_tools-1.72.0rc1-cp39-cp39-manylinux_2_17_aarch64.whl", hash = "sha256:d5abfbf37042aee8058cd9554c10e2fafcfc4905daea1947879f26846d8ee673"},
    {file = "grpcio_tools-1.72.0rc1-cp39-cp39-manylinux_2_17_i686.manylinux2014_i686.whl", hash = "sha256:6b4feb97c6ee521f80fec48708405e2b202618a582f650e7dc999d3e44342351"},
    {file = "grpcio_tools-1.72.0rc1-cp39-cp39-manylinux_2_17_x86_64.manylinux2014_x86_64.whl", hash = "sha256:f6e3a18ff852c02b9673b7a2fa8a85f147dcb564dff7bad7990304963941650d"},
    {file = "grpcio_tools-1.72.0rc1-cp39-cp39-musllinux_1_1_aarch64.whl", hash = "sha256:a0aa493aa4f98d3e7fed9593a6c7fbcae157338d496669007ceddca4fcf06dfb"},
    {file = "grpcio_tools-1.72.0rc1-cp39-cp39-musllinux_1_1_i686.whl", hash = "sha256:12f68f42c0e7e72f2e93c6c962d9c7f8b74528b7afb8920f7243df49ea6de6f6"},
    {file = "grpcio_tools-1.72.0rc1-cp39-cp39-musllinux_1_1_x86_64.whl", hash = "sha256:b056427fcc230447ee033b561dd6f60015634529738764cd22ad6e4351d51bad"},
    {file = "grpcio_tools-1.72.0rc1-cp39-cp39-win32.whl", hash = "sha256:0a460a77761bceeaeac3a9c34ec15eca3302e94d83aa031d2a0fb8539fd347f2"},
    {file = "grpcio_tools-1.72.0rc1-cp39-cp39-win_amd64.whl", hash = "sha256:f165c4829c2d7da787e2c693cb73b75c92586e668e1dcbf8e1a90814d7af37e8"},
    {file = "grpcio_tools-1.72.0rc1.tar.gz", hash = "sha256:d073367bcec01f8cc89bcc37bb918174ea8384fcde83645c2506f4cc36a12ba4"},
]

[package.dependencies]
grpcio = ">=1.72.0rc1"
protobuf = ">=6.30.0,<7.0dev"
setuptools = "*"

[[package]]
name = "h11"
version = "0.14.0"
description = "A pure-Python, bring-your-own-I/O implementation of HTTP/1.1"
optional = false
python-versions = ">=3.7"
files = [
    {file = "h11-0.14.0-py3-none-any.whl", hash = "sha256:e3fe4ac4b851c468cc8363d500db52c2ead036020723024a109d37346efaa761"},
    {file = "h11-0.14.0.tar.gz", hash = "sha256:8f19fbbe99e72420ff35c00b27a34cb9937e902a8b810e2c88300c6f0a3b699d"},
]

[[package]]
name = "httpcore"
version = "1.0.7"
description = "A minimal low-level HTTP client."
optional = false
python-versions = ">=3.8"
files = [
    {file = "httpcore-1.0.7-py3-none-any.whl", hash = "sha256:a3fff8f43dc260d5bd363d9f9cf1830fa3a458b332856f34282de498ed420edd"},
    {file = "httpcore-1.0.7.tar.gz", hash = "sha256:8551cb62a169ec7162ac7be8d4817d561f60e08eaa485234898414bb5a8a0b4c"},
]

[package.dependencies]
certifi = "*"
h11 = ">=0.13,<0.15"

[package.extras]
asyncio = ["anyio (>=4.0,<5.0)"]
http2 = ["h2 (>=3,<5)"]
socks = ["socksio (==1.*)"]
trio = ["trio (>=0.22.0,<1.0)"]

[[package]]
name = "httpx"
version = "0.28.1"
description = "The next generation HTTP client."
optional = false
python-versions = ">=3.8"
files = [
    {file = "httpx-0.28.1-py3-none-any.whl", hash = "sha256:d909fcccc110f8c7faf814ca82a9a4d816bc5a6dbfea25d6591d6985b8ba59ad"},
    {file = "httpx-0.28.1.tar.gz", hash = "sha256:75e98c5f16b0f35b567856f597f06ff2270a374470a5c2392242528e3e3e42fc"},
]

[package.dependencies]
anyio = "*"
certifi = "*"
httpcore = "==1.*"
idna = "*"

[package.extras]
brotli = ["brotli", "brotlicffi"]
cli = ["click (==8.*)", "pygments (==2.*)", "rich (>=10,<14)"]
http2 = ["h2 (>=3,<5)"]
socks = ["socksio (==1.*)"]
zstd = ["zstandard (>=0.18.0)"]

[[package]]
name = "idna"
version = "3.10"
description = "Internationalized Domain Names in Applications (IDNA)"
optional = false
python-versions = ">=3.6"
files = [
    {file = "idna-3.10-py3-none-any.whl", hash = "sha256:946d195a0d259cbba61165e88e65941f16e9b36ea6ddb97f00452bae8b1287d3"},
    {file = "idna-3.10.tar.gz", hash = "sha256:12f65c9b470abda6dc35cf8e63cc574b1c52b11df2c86030af0ac09b01b13ea9"},
]

[package.extras]
all = ["flake8 (>=7.1.1)", "mypy (>=1.11.2)", "pytest (>=8.3.2)", "ruff (>=0.6.2)"]

[[package]]
name = "protobuf"
version = "6.30.2"
description = ""
optional = false
python-versions = ">=3.9"
files = [
    {file = "protobuf-6.30.2-cp310-abi3-win32.whl", hash = "sha256:b12ef7df7b9329886e66404bef5e9ce6a26b54069d7f7436a0853ccdeb91c103"},
    {file = "protobuf-6.30.2-cp310-abi3-win_amd64.whl", hash = "sha256:7653c99774f73fe6b9301b87da52af0e69783a2e371e8b599b3e9cb4da4b12b9"},
    {file = "protobuf-6.30.2-cp39-abi3-macosx_10_9_universal2.whl", hash = "sha256:0eb523c550a66a09a0c20f86dd554afbf4d32b02af34ae53d93268c1f73bc65b"},
    {file = "protobuf-6.30.2-cp39-abi3-manylinux2014_aarch64.whl", hash = "sha256:50f32cc9fd9cb09c783ebc275611b4f19dfdfb68d1ee55d2f0c7fa040df96815"},
    {file = "protobuf-6.30.2-cp39-abi3-manylinux2014_x86_64.whl", hash = "sha256:4f6c687ae8efae6cf6093389a596548214467778146b7245e886f35e1485315d"},
    {file = "protobuf-6.30.2-cp39-cp39-win32.whl", hash = "sha256:524afedc03b31b15586ca7f64d877a98b184f007180ce25183d1a5cb230ee72b"},
    {file = "protobuf-6.30.2-cp39-cp39-win_amd64.whl", hash = "sha256:acec579c39c88bd8fbbacab1b8052c793efe83a0a5bd99db4a31423a25c0a0e2"},
    {file = "protobuf-6.30.2-py3-none-any.whl", hash = "sha256:ae86b030e69a98e08c77beab574cbcb9fff6d031d57209f574a5aea1445f4b51"},
    {file = "protobuf-6.30.2.tar.gz", hash = "sha256:35c859ae076d8c56054c25b59e5e59638d86545ed6e2b6efac6be0b6ea3ba048"},
]

[[package]]
name = "pydantic"
version = "2.10.6"
description = "Data validation using Python type hints"
optional = false
python-versions = ">=3.8"
files = [
    {file = "pydantic-2.10.6-py3-none-any.whl", hash = "sha256:427d664bf0b8a2b34ff5dd0f5a18df00591adcee7198fbd71981054cef37b584"},
    {file = "pydantic-2.10.6.tar.gz", hash = "sha256:ca5daa827cce33de7a42be142548b0096bf05a7e7b365aebfa5f8eeec7128236"},
]

[package.dependencies]
annotated-types = ">=0.6.0"
pydantic-core = "2.27.2"
typing-extensions = ">=4.12.2"

[package.extras]
email = ["email-validator (>=2.0.0)"]
timezone = ["tzdata"]

[[package]]
name = "pydantic-core"
version = "2.27.2"
description = "Core functionality for Pydantic validation and serialization"
optional = false
python-versions = ">=3.8"
files = [
    {file = "pydantic_core-2.27.2-cp310-cp310-macosx_10_12_x86_64.whl", hash = "sha256:2d367ca20b2f14095a8f4fa1210f5a7b78b8a20009ecced6b12818f455b1e9fa"},
    {file = "pydantic_core-2.27.2-cp310-cp310-macosx_11_0_arm64.whl", hash = "sha256:491a2b73db93fab69731eaee494f320faa4e093dbed776be1a829c2eb222c34c"},
    {file = "pydantic_core-2.27.2-cp310-cp310-manylinux_2_17_aarch64.manylinux2014_aarch64.whl", hash = "sha256:7969e133a6f183be60e9f6f56bfae753585680f3b7307a8e555a948d443cc05a"},
    {file = "pydantic_core-2.27.2-cp310-cp310-manylinux_2_17_armv7l.manylinux2014_armv7l.whl", hash = "sha256:3de9961f2a346257caf0aa508a4da705467f53778e9ef6fe744c038119737ef5"},
    {file = "pydantic_core-2.27.2-cp310-cp310-manylinux_2_17_ppc64le.manylinux2014_ppc64le.whl", hash = "sha256:e2bb4d3e5873c37bb3dd58714d4cd0b0e6238cebc4177ac8fe878f8b3aa8e74c"},
    {file = "pydantic_core-2.27.2-cp310-cp310-manylinux_2_17_s390x.manylinux2014_s390x.whl", hash = "sha256:280d219beebb0752699480fe8f1dc61ab6615c2046d76b7ab7ee38858de0a4e7"},
    {file = "pydantic_core-2.27.2-cp310-cp310-manylinux_2_17_x86_64.manylinux2014_x86_64.whl", hash = "sha256:47956ae78b6422cbd46f772f1746799cbb862de838fd8d1fbd34a82e05b0983a"},
    {file = "pydantic_core-2.27.2-cp310-cp310-manylinux_2_5_i686.manylinux1_i686.whl", hash = "sha256:14d4a5c49d2f009d62a2a7140d3064f686d17a5d1a268bc641954ba181880236"},
    {file = "pydantic_core-2.27.2-cp310-cp310-musllinux_1_1_aarch64.whl", hash = "sha256:337b443af21d488716f8d0b6164de833e788aa6bd7e3a39c005febc1284f4962"},
    {file = "pydantic_core-2.27.2-cp310-cp310-musllinux_1_1_armv7l.whl", hash = "sha256:03d0f86ea3184a12f41a2d23f7ccb79cdb5a18e06993f8a45baa8dfec746f0e9"},
    {file = "pydantic_core-2.27.2-cp310-cp310-musllinux_1_1_x86_64.whl", hash = "sha256:7041c36f5680c6e0f08d922aed302e98b3745d97fe1589db0a3eebf6624523af"},
    {file = "pydantic_core-2.27.2-cp310-cp310-win32.whl", hash = "sha256:50a68f3e3819077be2c98110c1f9dcb3817e93f267ba80a2c05bb4f8799e2ff4"},
    {file = "pydantic_core-2.27.2-cp310-cp310-win_amd64.whl", hash = "sha256:e0fd26b16394ead34a424eecf8a31a1f5137094cabe84a1bcb10fa6ba39d3d31"},
    {file = "pydantic_core-2.27.2-cp311-cp311-macosx_10_12_x86_64.whl", hash = "sha256:8e10c99ef58cfdf2a66fc15d66b16c4a04f62bca39db589ae8cba08bc55331bc"},
    {file = "pydantic_core-2.27.2-cp311-cp311-macosx_11_0_arm64.whl", hash = "sha256:26f32e0adf166a84d0cb63be85c562ca8a6fa8de28e5f0d92250c6b7e9e2aff7"},
    {file = "pydantic_core-2.27.2-cp311-cp311-manylinux_2_17_aarch64.manylinux2014_aarch64.whl", hash = "sha256:8c19d1ea0673cd13cc2f872f6c9ab42acc4e4f492a7ca9d3795ce2b112dd7e15"},
    {file = "pydantic_core-2.27.2-cp311-cp311-manylinux_2_17_armv7l.manylinux2014_armv7l.whl", hash = "sha256:5e68c4446fe0810e959cdff46ab0a41ce2f2c86d227d96dc3847af0ba7def306"},
    {file = "pydantic_core-2.27.2-cp311-cp311-manylinux_2_17_ppc64le.manylinux2014_ppc64le.whl", hash = "sha256:d9640b0059ff4f14d1f37321b94061c6db164fbe49b334b31643e0528d100d99"},
    {file = "pydantic_core-2.27.2-cp311-cp311-manylinux_2_17_s390x.manylinux2014_s390x.whl", hash = "sha256:40d02e7d45c9f8af700f3452f329ead92da4c5f4317ca9b896de7ce7199ea459"},
    {file = "pydantic_core-2.27.2-cp311-cp311-manylinux_2_17_x86_64.manylinux2014_x86_64.whl", hash = "sha256:1c1fd185014191700554795c99b347d64f2bb637966c4cfc16998a0ca700d048"},
    {file = "pydantic_core-2.27.2-cp311-cp311-manylinux_2_5_i686.manylinux1_i686.whl", hash = "sha256:d81d2068e1c1228a565af076598f9e7451712700b673de8f502f0334f281387d"},
    {file = "pydantic_core-2.27.2-cp311-cp311-musllinux_1_1_aarch64.whl", hash = "sha256:1a4207639fb02ec2dbb76227d7c751a20b1a6b4bc52850568e52260cae64ca3b"},
    {file = "pydantic_core-2.27.2-cp311-cp311-musllinux_1_1_armv7l.whl", hash = "sha256:3de3ce3c9ddc8bbd88f6e0e304dea0e66d843ec9de1b0042b0911c1663ffd474"},
    {file = "pydantic_core-2.27.2-cp311-cp311-musllinux_1_1_x86_64.whl", hash = "sha256:30c5f68ded0c36466acede341551106821043e9afaad516adfb6e8fa80a4e6a6"},
    {file = "pydantic_core-2.27.2-cp311-cp311-win32.whl", hash = "sha256:c70c26d2c99f78b125a3459f8afe1aed4d9687c24fd677c6a4436bc042e50d6c"},
    {file = "pydantic_core-2.27.2-cp311-cp311-win_amd64.whl", hash = "sha256:08e125dbdc505fa69ca7d9c499639ab6407cfa909214d500897d02afb816e7cc"},
    {file = "pydantic_core-2.27.2-cp311-cp311-win_arm64.whl", hash = "sha256:26f0d68d4b235a2bae0c3fc585c585b4ecc51382db0e3ba402a22cbc440915e4"},
    {file = "pydantic_core-2.27.2-cp312-cp312-macosx_10_12_x86_64.whl", hash = "sha256:9e0c8cfefa0ef83b4da9588448b6d8d2a2bf1a53c3f1ae5fca39eb3061e2f0b0"},
    {file = "pydantic_core-2.27.2-cp312-cp312-macosx_11_0_arm64.whl", hash = "sha256:83097677b8e3bd7eaa6775720ec8e0405f1575015a463285a92bfdfe254529ef"},
    {file = "pydantic_core-2.27.2-cp312-cp312-manylinux_2_17_aarch64.manylinux2014_aarch64.whl", hash = "sha256:172fce187655fece0c90d90a678424b013f8fbb0ca8b036ac266749c09438cb7"},
    {file = "pydantic_core-2.27.2-cp312-cp312-manylinux_2_17_armv7l.manylinux2014_armv7l.whl", hash = "sha256:519f29f5213271eeeeb3093f662ba2fd512b91c5f188f3bb7b27bc5973816934"},
    {file = "pydantic_core-2.27.2-cp312-cp312-manylinux_2_17_ppc64le.manylinux2014_ppc64le.whl", hash = "sha256:05e3a55d124407fffba0dd6b0c0cd056d10e983ceb4e5dbd10dda135c31071d6"},
    {file = "pydantic_core-2.27.2-cp312-cp312-manylinux_2_17_s390x.manylinux2014_s390x.whl", hash = "sha256:9c3ed807c7b91de05e63930188f19e921d1fe90de6b4f5cd43ee7fcc3525cb8c"},
    {file = "pydantic_core-2.27.2-cp312-cp312-manylinux_2_17_x86_64.manylinux2014_x86_64.whl", hash = "sha256:6fb4aadc0b9a0c063206846d603b92030eb6f03069151a625667f982887153e2"},
    {file = "pydantic_core-2.27.2-cp312-cp312-manylinux_2_5_i686.manylinux1_i686.whl", hash = "sha256:28ccb213807e037460326424ceb8b5245acb88f32f3d2777427476e1b32c48c4"},
    {file = "pydantic_core-2.27.2-cp312-cp312-musllinux_1_1_aarch64.whl", hash = "sha256:de3cd1899e2c279b140adde9357c4495ed9d47131b4a4eaff9052f23398076b3"},
    {file = "pydantic_core-2.27.2-cp312-cp312-musllinux_1_1_armv7l.whl", hash = "sha256:220f892729375e2d736b97d0e51466252ad84c51857d4d15f5e9692f9ef12be4"},
    {file = "pydantic_core-2.27.2-cp312-cp312-musllinux_1_1_x86_64.whl", hash = "sha256:a0fcd29cd6b4e74fe8ddd2c90330fd8edf2e30cb52acda47f06dd615ae72da57"},
    {file = "pydantic_core-2.27.2-cp312-cp312-win32.whl", hash = "sha256:1e2cb691ed9834cd6a8be61228471d0a503731abfb42f82458ff27be7b2186fc"},
    {file = "pydantic_core-2.27.2-cp312-cp312-win_amd64.whl", hash = "sha256:cc3f1a99a4f4f9dd1de4fe0312c114e740b5ddead65bb4102884b384c15d8bc9"},
    {file = "pydantic_core-2.27.2-cp312-cp312-win_arm64.whl", hash = "sha256:3911ac9284cd8a1792d3cb26a2da18f3ca26c6908cc434a18f730dc0db7bfa3b"},
    {file = "pydantic_core-2.27.2-cp313-cp313-macosx_10_12_x86_64.whl", hash = "sha256:7d14bd329640e63852364c306f4d23eb744e0f8193148d4044dd3dacdaacbd8b"},
    {file = "pydantic_core-2.27.2-cp313-cp313-macosx_11_0_arm64.whl", hash = "sha256:82f91663004eb8ed30ff478d77c4d1179b3563df6cdb15c0817cd1cdaf34d154"},
    {file = "pydantic_core-2.27.2-cp313-cp313-manylinux_2_17_aarch64.manylinux2014_aarch64.whl", hash = "sha256:71b24c7d61131bb83df10cc7e687433609963a944ccf45190cfc21e0887b08c9"},
    {file = "pydantic_core-2.27.2-cp313-cp313-manylinux_2_17_armv7l.manylinux2014_armv7l.whl", hash = "sha256:fa8e459d4954f608fa26116118bb67f56b93b209c39b008277ace29937453dc9"},
    {file = "pydantic_core-2.27.2-cp313-cp313-manylinux_2_17_ppc64le.manylinux2014_ppc64le.whl", hash = "sha256:ce8918cbebc8da707ba805b7fd0b382816858728ae7fe19a942080c24e5b7cd1"},
    {file = "pydantic_core-2.27.2-cp313-cp313-manylinux_2_17_s390x.manylinux2014_s390x.whl", hash = "sha256:eda3f5c2a021bbc5d976107bb302e0131351c2ba54343f8a496dc8783d3d3a6a"},
    {file = "pydantic_core-2.27.2-cp313-cp313-manylinux_2_17_x86_64.manylinux2014_x86_64.whl", hash = "sha256:bd8086fa684c4775c27f03f062cbb9eaa6e17f064307e86b21b9e0abc9c0f02e"},
    {file = "pydantic_core-2.27.2-cp313-cp313-manylinux_2_5_i686.manylinux1_i686.whl", hash = "sha256:8d9b3388db186ba0c099a6d20f0604a44eabdeef1777ddd94786cdae158729e4"},
    {file = "pydantic_core-2.27.2-cp313-cp313-musllinux_1_1_aarch64.whl", hash = "sha256:7a66efda2387de898c8f38c0cf7f14fca0b51a8ef0b24bfea5849f1b3c95af27"},
    {file = "pydantic_core-2.27.2-cp313-cp313-musllinux_1_1_armv7l.whl", hash = "sha256:18a101c168e4e092ab40dbc2503bdc0f62010e95d292b27827871dc85450d7ee"},
    {file = "pydantic_core-2.27.2-cp313-cp313-musllinux_1_1_x86_64.whl", hash = "sha256:ba5dd002f88b78a4215ed2f8ddbdf85e8513382820ba15ad5ad8955ce0ca19a1"},
    {file = "pydantic_core-2.27.2-cp313-cp313-win32.whl", hash = "sha256:1ebaf1d0481914d004a573394f4be3a7616334be70261007e47c2a6fe7e50130"},
    {file = "pydantic_core-2.27.2-cp313-cp313-win_amd64.whl", hash = "sha256:953101387ecf2f5652883208769a79e48db18c6df442568a0b5ccd8c2723abee"},
    {file = "pydantic_core-2.27.2-cp313-cp313-win_arm64.whl", hash = "sha256:ac4dbfd1691affb8f48c2c13241a2e3b60ff23247cbcf981759c768b6633cf8b"},
    {file = "pydantic_core-2.27.2-cp38-cp38-macosx_10_12_x86_64.whl", hash = "sha256:d3e8d504bdd3f10835468f29008d72fc8359d95c9c415ce6e767203db6127506"},
    {file = "pydantic_core-2.27.2-cp38-cp38-macosx_11_0_arm64.whl", hash = "sha256:521eb9b7f036c9b6187f0b47318ab0d7ca14bd87f776240b90b21c1f4f149320"},
    {file = "pydantic_core-2.27.2-cp38-cp38-manylinux_2_17_aarch64.manylinux2014_aarch64.whl", hash = "sha256:85210c4d99a0114f5a9481b44560d7d1e35e32cc5634c656bc48e590b669b145"},
    {file = "pydantic_core-2.27.2-cp38-cp38-manylinux_2_17_armv7l.manylinux2014_armv7l.whl", hash = "sha256:d716e2e30c6f140d7560ef1538953a5cd1a87264c737643d481f2779fc247fe1"},
    {file = "pydantic_core-2.27.2-cp38-cp38-manylinux_2_17_ppc64le.manylinux2014_ppc64le.whl", hash = "sha256:f66d89ba397d92f840f8654756196d93804278457b5fbede59598a1f9f90b228"},
    {file = "pydantic_core-2.27.2-cp38-cp38-manylinux_2_17_s390x.manylinux2014_s390x.whl", hash = "sha256:669e193c1c576a58f132e3158f9dfa9662969edb1a250c54d8fa52590045f046"},
    {file = "pydantic_core-2.27.2-cp38-cp38-manylinux_2_17_x86_64.manylinux2014_x86_64.whl", hash = "sha256:9fdbe7629b996647b99c01b37f11170a57ae675375b14b8c13b8518b8320ced5"},
    {file = "pydantic_core-2.27.2-cp38-cp38-manylinux_2_5_i686.manylinux1_i686.whl", hash = "sha256:d262606bf386a5ba0b0af3b97f37c83d7011439e3dc1a9298f21efb292e42f1a"},
    {file = "pydantic_core-2.27.2-cp38-cp38-musllinux_1_1_aarch64.whl", hash = "sha256:cabb9bcb7e0d97f74df8646f34fc76fbf793b7f6dc2438517d7a9e50eee4f14d"},
    {file = "pydantic_core-2.27.2-cp38-cp38-musllinux_1_1_armv7l.whl", hash = "sha256:d2d63f1215638d28221f664596b1ccb3944f6e25dd18cd3b86b0a4c408d5ebb9"},
    {file = "pydantic_core-2.27.2-cp38-cp38-musllinux_1_1_x86_64.whl", hash = "sha256:bca101c00bff0adb45a833f8451b9105d9df18accb8743b08107d7ada14bd7da"},
    {file = "pydantic_core-2.27.2-cp38-cp38-win32.whl", hash = "sha256:f6f8e111843bbb0dee4cb6594cdc73e79b3329b526037ec242a3e49012495b3b"},
    {file = "pydantic_core-2.27.2-cp38-cp38-win_amd64.whl", hash = "sha256:fd1aea04935a508f62e0d0ef1f5ae968774a32afc306fb8545e06f5ff5cdf3ad"},
    {file = "pydantic_core-2.27.2-cp39-cp39-macosx_10_12_x86_64.whl", hash = "sha256:c10eb4f1659290b523af58fa7cffb452a61ad6ae5613404519aee4bfbf1df993"},
    {file = "pydantic_core-2.27.2-cp39-cp39-macosx_11_0_arm64.whl", hash = "sha256:ef592d4bad47296fb11f96cd7dc898b92e795032b4894dfb4076cfccd43a9308"},
    {file = "pydantic_core-2.27.2-cp39-cp39-manylinux_2_17_aarch64.manylinux2014_aarch64.whl", hash = "sha256:c61709a844acc6bf0b7dce7daae75195a10aac96a596ea1b776996414791ede4"},
    {file = "pydantic_core-2.27.2-cp39-cp39-manylinux_2_17_armv7l.manylinux2014_armv7l.whl", hash = "sha256:42c5f762659e47fdb7b16956c71598292f60a03aa92f8b6351504359dbdba6cf"},
    {file = "pydantic_core-2.27.2-cp39-cp39-manylinux_2_17_ppc64le.manylinux2014_ppc64le.whl", hash = "sha256:4c9775e339e42e79ec99c441d9730fccf07414af63eac2f0e48e08fd38a64d76"},
    {file = "pydantic_core-2.27.2-cp39-cp39-manylinux_2_17_s390x.manylinux2014_s390x.whl", hash = "sha256:57762139821c31847cfb2df63c12f725788bd9f04bc2fb392790959b8f70f118"},
    {file = "pydantic_core-2.27.2-cp39-cp39-manylinux_2_17_x86_64.manylinux2014_x86_64.whl", hash = "sha256:0d1e85068e818c73e048fe28cfc769040bb1f475524f4745a5dc621f75ac7630"},
    {file = "pydantic_core-2.27.2-cp39-cp39-manylinux_2_5_i686.manylinux1_i686.whl", hash = "sha256:097830ed52fd9e427942ff3b9bc17fab52913b2f50f2880dc4a5611446606a54"},
    {file = "pydantic_core-2.27.2-cp39-cp39-musllinux_1_1_aarch64.whl", hash = "sha256:044a50963a614ecfae59bb1eaf7ea7efc4bc62f49ed594e18fa1e5d953c40e9f"},
    {file = "pydantic_core-2.27.2-cp39-cp39-musllinux_1_1_armv7l.whl", hash = "sha256:4e0b4220ba5b40d727c7f879eac379b822eee5d8fff418e9d3381ee45b3b0362"},
    {file = "pydantic_core-2.27.2-cp39-cp39-musllinux_1_1_x86_64.whl", hash = "sha256:5e4f4bb20d75e9325cc9696c6802657b58bc1dbbe3022f32cc2b2b632c3fbb96"},
    {file = "pydantic_core-2.27.2-cp39-cp39-win32.whl", hash = "sha256:cca63613e90d001b9f2f9a9ceb276c308bfa2a43fafb75c8031c4f66039e8c6e"},
    {file = "pydantic_core-2.27.2-cp39-cp39-win_amd64.whl", hash = "sha256:77d1bca19b0f7021b3a982e6f903dcd5b2b06076def36a652e3907f596e29f67"},
    {file = "pydantic_core-2.27.2-pp310-pypy310_pp73-macosx_10_12_x86_64.whl", hash = "sha256:2bf14caea37e91198329b828eae1618c068dfb8ef17bb33287a7ad4b61ac314e"},
    {file = "pydantic_core-2.27.2-pp310-pypy310_pp73-macosx_11_0_arm64.whl", hash = "sha256:b0cb791f5b45307caae8810c2023a184c74605ec3bcbb67d13846c28ff731ff8"},
    {file = "pydantic_core-2.27.2-pp310-pypy310_pp73-manylinux_2_17_aarch64.manylinux2014_aarch64.whl", hash = "sha256:688d3fd9fcb71f41c4c015c023d12a79d1c4c0732ec9eb35d96e3388a120dcf3"},
    {file = "pydantic_core-2.27.2-pp310-pypy310_pp73-manylinux_2_17_x86_64.manylinux2014_x86_64.whl", hash = "sha256:3d591580c34f4d731592f0e9fe40f9cc1b430d297eecc70b962e93c5c668f15f"},
    {file = "pydantic_core-2.27.2-pp310-pypy310_pp73-manylinux_2_5_i686.manylinux1_i686.whl", hash = "sha256:82f986faf4e644ffc189a7f1aafc86e46ef70372bb153e7001e8afccc6e54133"},
    {file = "pydantic_core-2.27.2-pp310-pypy310_pp73-musllinux_1_1_aarch64.whl", hash = "sha256:bec317a27290e2537f922639cafd54990551725fc844249e64c523301d0822fc"},
    {file = "pydantic_core-2.27.2-pp310-pypy310_pp73-musllinux_1_1_armv7l.whl", hash = "sha256:0296abcb83a797db256b773f45773da397da75a08f5fcaef41f2044adec05f50"},
    {file = "pydantic_core-2.27.2-pp310-pypy310_pp73-musllinux_1_1_x86_64.whl", hash = "sha256:0d75070718e369e452075a6017fbf187f788e17ed67a3abd47fa934d001863d9"},
    {file = "pydantic_core-2.27.2-pp310-pypy310_pp73-win_amd64.whl", hash = "sha256:7e17b560be3c98a8e3aa66ce828bdebb9e9ac6ad5466fba92eb74c4c95cb1151"},
    {file = "pydantic_core-2.27.2-pp39-pypy39_pp73-macosx_10_12_x86_64.whl", hash = "sha256:c33939a82924da9ed65dab5a65d427205a73181d8098e79b6b426bdf8ad4e656"},
    {file = "pydantic_core-2.27.2-pp39-pypy39_pp73-macosx_11_0_arm64.whl", hash = "sha256:00bad2484fa6bda1e216e7345a798bd37c68fb2d97558edd584942aa41b7d278"},
    {file = "pydantic_core-2.27.2-pp39-pypy39_pp73-manylinux_2_17_aarch64.manylinux2014_aarch64.whl", hash = "sha256:c817e2b40aba42bac6f457498dacabc568c3b7a986fc9ba7c8d9d260b71485fb"},
    {file = "pydantic_core-2.27.2-pp39-pypy39_pp73-manylinux_2_17_x86_64.manylinux2014_x86_64.whl", hash = "sha256:251136cdad0cb722e93732cb45ca5299fb56e1344a833640bf93b2803f8d1bfd"},
    {file = "pydantic_core-2.27.2-pp39-pypy39_pp73-manylinux_2_5_i686.manylinux1_i686.whl", hash = "sha256:d2088237af596f0a524d3afc39ab3b036e8adb054ee57cbb1dcf8e09da5b29cc"},
    {file = "pydantic_core-2.27.2-pp39-pypy39_pp73-musllinux_1_1_aarch64.whl", hash = "sha256:d4041c0b966a84b4ae7a09832eb691a35aec90910cd2dbe7a208de59be77965b"},
    {file = "pydantic_core-2.27.2-pp39-pypy39_pp73-musllinux_1_1_armv7l.whl", hash = "sha256:8083d4e875ebe0b864ffef72a4304827015cff328a1be6e22cc850753bfb122b"},
    {file = "pydantic_core-2.27.2-pp39-pypy39_pp73-musllinux_1_1_x86_64.whl", hash = "sha256:f141ee28a0ad2123b6611b6ceff018039df17f32ada8b534e6aa039545a3efb2"},
    {file = "pydantic_core-2.27.2-pp39-pypy39_pp73-win_amd64.whl", hash = "sha256:7d0c8399fcc1848491f00e0314bd59fb34a9c008761bcb422a057670c3f65e35"},
    {file = "pydantic_core-2.27.2.tar.gz", hash = "sha256:eb026e5a4c1fee05726072337ff51d1efb6f59090b7da90d30ea58625b1ffb39"},
]

[package.dependencies]
typing-extensions = ">=4.6.0,<4.7.0 || >4.7.0"

[[package]]
name = "pyjwt"
version = "2.10.1"
description = "JSON Web Token implementation in Python"
optional = false
python-versions = ">=3.9"
files = [
    {file = "PyJWT-2.10.1-py3-none-any.whl", hash = "sha256:dcdd193e30abefd5debf142f9adfcdd2b58004e644f25406ffaebd50bd98dacb"},
    {file = "pyjwt-2.10.1.tar.gz", hash = "sha256:3cc5772eb20009233caf06e9d8a0577824723b44e6648ee0a2aedb6cf9381953"},
]

[package.extras]
crypto = ["cryptography (>=3.4.0)"]
dev = ["coverage[toml] (==5.0.4)", "cryptography (>=3.4.0)", "pre-commit", "pytest (>=6.0.0,<7.0.0)", "sphinx", "sphinx-rtd-theme", "zope.interface"]
docs = ["sphinx", "sphinx-rtd-theme", "zope.interface"]
tests = ["coverage[toml] (==5.0.4)", "pytest (>=6.0.0,<7.0.0)"]

[[package]]
name = "setuptools"
version = "79.0.1"
description = "Easily download, build, install, upgrade, and uninstall Python packages"
optional = false
python-versions = ">=3.9"
files = [
    {file = "setuptools-79.0.1-py3-none-any.whl", hash = "sha256:e147c0549f27767ba362f9da434eab9c5dc0045d5304feb602a0af001089fc51"},
    {file = "setuptools-79.0.1.tar.gz", hash = "sha256:128ce7b8f33c3079fd1b067ecbb4051a66e8526e7b65f6cec075dfc650ddfa88"},
]

[package.extras]
check = ["pytest-checkdocs (>=2.4)", "pytest-ruff (>=0.2.1)", "ruff (>=0.8.0)"]
core = ["importlib_metadata (>=6)", "jaraco.functools (>=4)", "jaraco.text (>=3.7)", "more_itertools", "more_itertools (>=8.8)", "packaging (>=24.2)", "platformdirs (>=4.2.2)", "tomli (>=2.0.1)", "wheel (>=0.43.0)"]
cover = ["pytest-cov"]
doc = ["furo", "jaraco.packaging (>=9.3)", "jaraco.tidelift (>=1.4)", "pygments-github-lexers (==0.0.5)", "pyproject-hooks (!=1.1)", "rst.linker (>=1.9)", "sphinx (>=3.5)", "sphinx-favicon", "sphinx-inline-tabs", "sphinx-lint", "sphinx-notfound-page (>=1,<2)", "sphinx-reredirects", "sphinxcontrib-towncrier", "towncrier (<24.7)"]
enabler = ["pytest-enabler (>=2.2)"]
test = ["build[virtualenv] (>=1.0.3)", "filelock (>=3.4.0)", "ini2toml[lite] (>=0.14)", "jaraco.develop (>=7.21)", "jaraco.envs (>=2.2)", "jaraco.path (>=3.7.2)", "jaraco.test (>=5.5)", "packaging (>=24.2)", "pip (>=19.1)", "pyproject-hooks (!=1.1)", "pytest (>=6,!=8.1.*)", "pytest-home (>=0.5)", "pytest-perf", "pytest-subprocess", "pytest-timeout", "pytest-xdist (>=3)", "tomli-w (>=1.0.0)", "virtualenv (>=13.0.0)", "wheel (>=0.44.0)"]
type = ["importlib_metadata (>=7.0.2)", "jaraco.develop (>=7.21)", "mypy (==1.14.*)", "pytest-mypy"]

[[package]]
name = "sniffio"
version = "1.3.1"
description = "Sniff out which async library your code is running under"
optional = false
python-versions = ">=3.7"
files = [
    {file = "sniffio-1.3.1-py3-none-any.whl", hash = "sha256:2f6da418d1f1e0fddd844478f41680e794e6051915791a034ff65e5f100525a2"},
    {file = "sniffio-1.3.1.tar.gz", hash = "sha256:f4324edc670a0f49750a81b895f35c3adb843cca46f0530f79fc1babb23789dc"},
]

[[package]]
name = "starlette"
version = "0.46.0"
description = "The little ASGI library that shines."
optional = false
python-versions = ">=3.9"
files = [
    {file = "starlette-0.46.0-py3-none-any.whl", hash = "sha256:913f0798bd90ba90a9156383bcf1350a17d6259451d0d8ee27fc0cf2db609038"},
    {file = "starlette-0.46.0.tar.gz", hash = "sha256:b359e4567456b28d473d0193f34c0de0ed49710d75ef183a74a5ce0499324f50"},
]

[package.dependencies]
anyio = ">=3.6.2,<5"

[package.extras]
full = ["httpx (>=0.27.0,<0.29.0)", "itsdangerous", "jinja2", "python-multipart (>=0.0.18)", "pyyaml"]

[[package]]
name = "typing-extensions"
version = "4.12.2"
description = "Backported and Experimental Type Hints for Python 3.8+"
optional = false
python-versions = ">=3.8"
files = [
    {file = "typing_extensions-4.12.2-py3-none-any.whl", hash = "sha256:04e5ca0351e0f3f85c6853954072df659d0d13fac324d0072316b67d7794700d"},
    {file = "typing_extensions-4.12.2.tar.gz", hash = "sha256:1a7ead55c7e559dd4dee8856e3a88b41225abfe1ce8df57b7c13915fe121ffb8"},
]

[[package]]
name = "uvicorn"
version = "0.34.0"
description = "The lightning-fast ASGI server."
optional = false
python-versions = ">=3.9"
files = [
    {file = "uvicorn-0.34.0-py3-none-any.whl", hash = "sha256:023dc038422502fa28a09c7a30bf2b6991512da7dcdb8fd35fe57cfc154126f4"},
    {file = "uvicorn-0.34.0.tar.gz", hash = "sha256:404051050cd7e905de2c9a7e61790943440b3416f49cb409f965d9dcd0fa73e9"},
]

[package.dependencies]
click = ">=7.0"
h11 = ">=0.8"

[package.extras]
standard = ["colorama (>=0.4)", "httptools (>=0.6.3)", "python-dotenv (>=0.13)", "pyyaml (>=5.1)", "uvloop (>=0.14.0,!=0.15.0,!=0.15.1)", "watchfiles (>=0.13)", "websockets (>=10.4)"]

[metadata]
lock-version = "2.0"
python-versions = "^3.12"
content-hash = "96c89c981ea4d479ff9817d6d4c992248a75d94ce0ea92668b3967ce77b2b0fb"
